
Microsoft Visual Studio Solution File, Format Version 12.00
# Visual Studio Version 17
VisualStudioVersion = 17.11.35303.130
MinimumVisualStudioVersion = 10.0.40219.1
Project("{FAE04EC0-301F-11D3-BF4B-00C04F79EFBC}") = "Alhs.Noaa.Blazor", "Alhs.Noaa.Blazor\Alhs.Noaa.Blazor.csproj", "{A83DFC50-7F9E-46CC-8403-D36799F4CF0F}"
EndProject
Global
	GlobalSection(SolutionConfigurationPlatforms) = preSolution
		Debug|Any CPU = Debug|Any CPU
		Release|Any CPU = Release|Any CPU
	EndGlobalSection
	GlobalSection(ProjectConfigurationPlatforms) = postSolution
		{A83DFC50-7F9E-46CC-8403-D36799F4CF0F}.Debug|Any CPU.ActiveCfg = Debug|Any CPU
		{A83DFC50-7F9E-46CC-8403-D36799F4CF0F}.Debug|Any CPU.Build.0 = Debug|Any CPU
		{A83DFC50-7F9E-46CC-8403-D36799F4CF0F}.Release|Any CPU.ActiveCfg = Release|Any CPU
		{A83DFC50-7F9E-46CC-8403-D36799F4CF0F}.Release|Any CPU.Build.0 = Release|Any CPU
	EndGlobalSection
	GlobalSection(SolutionProperties) = preSolution
		HideSolutionNode = FALSE
	EndGlobalSection
	GlobalSection(ExtensibilityGlobals) = postSolution
		SolutionGuid = {A9AA3137-C111-4161-905A-CB7235D74293}
	EndGlobalSection
EndGlobal
